
Microsoft Visual Studio Solution File, Format Version 12.00
# Visual Studio Version 16
VisualStudioVersion = 16.0.33920.266
MinimumVisualStudioVersion = 10.0.40219.1
Project("{FAE04EC0-301F-11D3-BF4B-00C04F79EFBC}") = "Calificaciones", "Calificaciones\Calificaciones.csproj", "{FEED232A-849B-4810-B7F2-99C112BF89B6}"
EndProject
Global
	GlobalSection(SolutionConfigurationPlatforms) = preSolution
		Debug|Any CPU = Debug|Any CPU
		Release|Any CPU = Release|Any CPU
	EndGlobalSection
	GlobalSection(ProjectConfigurationPlatforms) = postSolution
		{FEED232A-849B-4810-B7F2-99C112BF89B6}.Debug|Any CPU.ActiveCfg = Debug|Any CPU
		{FEED232A-849B-4810-B7F2-99C112BF89B6}.Debug|Any CPU.Build.0 = Debug|Any CPU
		{FEED232A-849B-4810-B7F2-99C112BF89B6}.Release|Any CPU.ActiveCfg = Release|Any CPU
		{FEED232A-849B-4810-B7F2-99C112BF89B6}.Release|Any CPU.Build.0 = Release|Any CPU
	EndGlobalSection
	GlobalSection(SolutionProperties) = preSolution
		HideSolutionNode = FALSE
	EndGlobalSection
	GlobalSection(ExtensibilityGlobals) = postSolution
		SolutionGuid = {0D248327-6024-43E2-8DB0-7A062836ACAB}
	EndGlobalSection
EndGlobal
